<?xml version="1.0" encoding="utf-8"?>
<Project ToolsVersion="4.0" xmlns="http://schemas.microsoft.com/developer/msbuild/2003">
  <ItemGroup>
    <Filter Include="源文件">
      <UniqueIdentifier>{4FC737F1-C7A5-4376-A066-2A32D752A2FF}</UniqueIdentifier>
      <Extensions>cpp;c;cc;cxx;def;odl;idl;hpj;bat;asm;asmx</Extensions>
    </Filter>
    <Filter Include="头文件">
      <UniqueIdentifier>{93995380-89BD-4b04-88EB-625FBE52EBFB}</UniqueIdentifier>
      <Extensions>h;hh;hpp;hxx;hm;inl;inc;xsd</Extensions>
    </Filter>
    <Filter Include="资源文件">
      <UniqueIdentifier>{67DA6AB6-F800-4c08-8B7A-83BB121AAD01}</UniqueIdentifier>
      <Extensions>rc;ico;cur;bmp;dlg;rc2;rct;bin;rgs;gif;jpg;jpeg;jpe;resx;tiff;tif;png;wav;mfcribbon-ms</Extensions>
    </Filter>
  </ItemGroup>
  <ItemGroup>
    <ClCompile Include="main.cpp">
      <Filter>源文件</Filter>
    </ClCompile>
    <ClCompile Include="NetworkInfo.cpp">
      <Filter>源文件</Filter>
    </ClCompile>
    <ClCompile Include="LayerBase.cpp">
      <Filter>源文件</Filter>
    </ClCompile>
    <ClCompile Include="InputLayer.cpp">
      <Filter>源文件</Filter>
    </ClCompile>
    <ClCompile Include="HiddenLayer.cpp">
      <Filter>源文件</Filter>
    </ClCompile>
    <ClCompile Include="OutputLayer.cpp">
      <Filter>源文件</Filter>
    </ClCompile>
    <ClCompile Include="GroupBase.cpp">
      <Filter>源文件</Filter>
    </ClCompile>
    <ClCompile Include="GroupSDBP.cpp">
      <Filter>源文件</Filter>
    </ClCompile>
    <ClCompile Include="SDBP.cpp">
      <Filter>源文件</Filter>
    </ClCompile>
    <ClCompile Include="Optimizer.cpp">
      <Filter>源文件</Filter>
    </ClCompile>
    <ClCompile Include="Parameter.cpp">
      <Filter>源文件</Filter>
    </ClCompile>
    <ClCompile Include="NeuralNetwork.cpp">
      <Filter>源文件</Filter>
    </ClCompile>
    <ClCompile Include="Molecule.cpp">
      <Filter>源文件</Filter>
    </ClCompile>
    <ClCompile Include="Atom.cpp">
      <Filter>源文件</Filter>
    </ClCompile>
    <ClCompile Include="FunctionInfo.cpp">
      <Filter>源文件</Filter>
    </ClCompile>
    <ClCompile Include="FuncType.cpp">
      <Filter>源文件</Filter>
    </ClCompile>
    <ClCompile Include="SymFunction.cpp">
      <Filter>源文件</Filter>
    </ClCompile>
    <ClCompile Include="PES.cpp">
      <Filter>源文件</Filter>
    </ClCompile>
    <ClCompile Include="MonteCarloSetting.cpp">
      <Filter>源文件</Filter>
    </ClCompile>
    <ClCompile Include="LMBP.cpp">
      <Filter>源文件</Filter>
    </ClCompile>
    <ClCompile Include="GroupLMBP.cpp">
      <Filter>源文件</Filter>
    </ClCompile>
    <ClCompile Include="GroupEKF.cpp">
      <Filter>源文件</Filter>
    </ClCompile>
    <ClCompile Include="EKF.cpp">
      <Filter>源文件</Filter>
    </ClCompile>
  </ItemGroup>
  <ItemGroup>
    <ClInclude Include="NeuralNetwork.h">
      <Filter>头文件</Filter>
    </ClInclude>
    <ClInclude Include="Parameter.h">
      <Filter>头文件</Filter>
    </ClInclude>
    <ClInclude Include="NetworkInfo.h">
      <Filter>头文件</Filter>
    </ClInclude>
    <ClInclude Include="global.h">
      <Filter>头文件</Filter>
    </ClInclude>
    <ClInclude Include="LayerBase.h">
      <Filter>头文件</Filter>
    </ClInclude>
    <ClInclude Include="InputLayer.h">
      <Filter>头文件</Filter>
    </ClInclude>
    <ClInclude Include="GroupBase.h">
      <Filter>头文件</Filter>
    </ClInclude>
    <ClInclude Include="Optimizer.h">
      <Filter>头文件</Filter>
    </ClInclude>
    <ClInclude Include="HiddenLayer.h">
      <Filter>头文件</Filter>
    </ClInclude>
    <ClInclude Include="OutputLayer.h">
      <Filter>头文件</Filter>
    </ClInclude>
    <ClInclude Include="GroupSDBP.h">
      <Filter>头文件</Filter>
    </ClInclude>
    <ClInclude Include="SDBP.h">
      <Filter>头文件</Filter>
    </ClInclude>
    <ClInclude Include="SymFunction.h">
      <Filter>头文件</Filter>
    </ClInclude>
    <ClInclude Include="Molecule.h">
      <Filter>头文件</Filter>
    </ClInclude>
    <ClInclude Include="Atom.h">
      <Filter>头文件</Filter>
    </ClInclude>
    <ClInclude Include="FuncType.h">
      <Filter>头文件</Filter>
    </ClInclude>
    <ClInclude Include="FunctionInfo.h">
      <Filter>头文件</Filter>
    </ClInclude>
    <ClInclude Include="MonteCarloSetting.h">
      <Filter>头文件</Filter>
    </ClInclude>
    <ClInclude Include="PES.h">
      <Filter>头文件</Filter>
    </ClInclude>
    <ClInclude Include="LMBP.h">
      <Filter>头文件</Filter>
    </ClInclude>
    <ClInclude Include="GroupLMBP.h">
      <Filter>头文件</Filter>
    </ClInclude>
    <ClInclude Include="GroupEKF.h">
      <Filter>头文件</Filter>
    </ClInclude>
    <ClInclude Include="EKF.h">
      <Filter>头文件</Filter>
    </ClInclude>
  </ItemGroup>
</Project>